
Microsoft Visual Studio Solution File, Format Version 12.00
# Visual Studio 14
VisualStudioVersion = 14.0.25420.1
MinimumVisualStudioVersion = 10.0.40219.1
Project("{FAE04EC0-301F-11D3-BF4B-00C04F79EFBC}") = "MultimediaSite.Business", "MultimediaSite.Business\MultimediaSite.Business.csproj", "{E114A99F-24C0-4BEA-B3BC-602ABC79E55C}"
EndProject
Project("{FAE04EC0-301F-11D3-BF4B-00C04F79EFBC}") = "MultimediaSite.Contracts", "MultimediaSite.Contracts\MultimediaSite.Contracts.csproj", "{C80BD00B-5015-4CC9-B090-802260D37D1C}"
EndProject
Project("{FAE04EC0-301F-11D3-BF4B-00C04F79EFBC}") = "MultimediaSite.Tests", "MultimediaSite.Tests\MultimediaSite.Tests.csproj", "{53FE68FA-077C-45B8-82D1-C4E330FAAE92}"
EndProject
Project("{FAE04EC0-301F-11D3-BF4B-00C04F79EFBC}") = "MultimediaSite.Domain", "MultimediaSite.Domain\MultimediaSite.Domain.csproj", "{2859A124-A77C-415E-8728-AF1EC243A543}"
EndProject
Project("{FAE04EC0-301F-11D3-BF4B-00C04F79EFBC}") = "MultimediaSite.Core", "MultimediaSite.Core\MultimediaSite.Core.csproj", "{282271E1-B4E2-4BD5-AA75-D61CA2BAEC21}"
EndProject
Project("{FAE04EC0-301F-11D3-BF4B-00C04F79EFBC}") = "MultimediaSite.Core.DTO", "MultimediaSite.Core.DTO\MultimediaSite.Core.DTO.csproj", "{70D2DDD8-4815-4AAC-A211-A8937929101B}"
EndProject
Project("{FAE04EC0-301F-11D3-BF4B-00C04F79EFBC}") = "MultimediaSite.Web", "MultimediaSite.Web\MultimediaSite.Web.csproj", "{65D85C37-9528-437B-9F79-61D55BC983CA}"
EndProject
Global
	GlobalSection(SolutionConfigurationPlatforms) = preSolution
		Debug|Any CPU = Debug|Any CPU
		Debug|ARM = Debug|ARM
		Debug|x64 = Debug|x64
		Debug|x86 = Debug|x86
		Release|Any CPU = Release|Any CPU
		Release|ARM = Release|ARM
		Release|x64 = Release|x64
		Release|x86 = Release|x86
	EndGlobalSection
	GlobalSection(ProjectConfigurationPlatforms) = postSolution
		{E114A99F-24C0-4BEA-B3BC-602ABC79E55C}.Debug|Any CPU.ActiveCfg = Debug|Any CPU
		{E114A99F-24C0-4BEA-B3BC-602ABC79E55C}.Debug|Any CPU.Build.0 = Debug|Any CPU
		{E114A99F-24C0-4BEA-B3BC-602ABC79E55C}.Debug|ARM.ActiveCfg = Debug|Any CPU
		{E114A99F-24C0-4BEA-B3BC-602ABC79E55C}.Debug|ARM.Build.0 = Debug|Any CPU
		{E114A99F-24C0-4BEA-B3BC-602ABC79E55C}.Debug|x64.ActiveCfg = Debug|Any CPU
		{E114A99F-24C0-4BEA-B3BC-602ABC79E55C}.Debug|x64.Build.0 = Debug|Any CPU
		{E114A99F-24C0-4BEA-B3BC-602ABC79E55C}.Debug|x86.ActiveCfg = Debug|Any CPU
		{E114A99F-24C0-4BEA-B3BC-602ABC79E55C}.Debug|x86.Build.0 = Debug|Any CPU
		{E114A99F-24C0-4BEA-B3BC-602ABC79E55C}.Release|Any CPU.ActiveCfg = Release|Any CPU
		{E114A99F-24C0-4BEA-B3BC-602ABC79E55C}.Release|Any CPU.Build.0 = Release|Any CPU
		{E114A99F-24C0-4BEA-B3BC-602ABC79E55C}.Release|ARM.ActiveCfg = Release|Any CPU
		{E114A99F-24C0-4BEA-B3BC-602ABC79E55C}.Release|ARM.Build.0 = Release|Any CPU
		{E114A99F-24C0-4BEA-B3BC-602ABC79E55C}.Release|x64.ActiveCfg = Release|Any CPU
		{E114A99F-24C0-4BEA-B3BC-602ABC79E55C}.Release|x64.Build.0 = Release|Any CPU
		{E114A99F-24C0-4BEA-B3BC-602ABC79E55C}.Release|x86.ActiveCfg = Release|Any CPU
		{E114A99F-24C0-4BEA-B3BC-602ABC79E55C}.Release|x86.Build.0 = Release|Any CPU
		{C80BD00B-5015-4CC9-B090-802260D37D1C}.Debug|Any CPU.ActiveCfg = Debug|Any CPU
		{C80BD00B-5015-4CC9-B090-802260D37D1C}.Debug|Any CPU.Build.0 = Debug|Any CPU
		{C80BD00B-5015-4CC9-B090-802260D37D1C}.Debug|ARM.ActiveCfg = Debug|Any CPU
		{C80BD00B-5015-4CC9-B090-802260D37D1C}.Debug|ARM.Build.0 = Debug|Any CPU
		{C80BD00B-5015-4CC9-B090-802260D37D1C}.Debug|x64.ActiveCfg = Debug|Any CPU
		{C80BD00B-5015-4CC9-B090-802260D37D1C}.Debug|x64.Build.0 = Debug|Any CPU
		{C80BD00B-5015-4CC9-B090-802260D37D1C}.Debug|x86.ActiveCfg = Debug|Any CPU
		{C80BD00B-5015-4CC9-B090-802260D37D1C}.Debug|x86.Build.0 = Debug|Any CPU
		{C80BD00B-5015-4CC9-B090-802260D37D1C}.Release|Any CPU.ActiveCfg = Release|Any CPU
		{C80BD00B-5015-4CC9-B090-802260D37D1C}.Release|Any CPU.Build.0 = Release|Any CPU
		{C80BD00B-5015-4CC9-B090-802260D37D1C}.Release|ARM.ActiveCfg = Release|Any CPU
		{C80BD00B-5015-4CC9-B090-802260D37D1C}.Release|ARM.Build.0 = Release|Any CPU
		{C80BD00B-5015-4CC9-B090-802260D37D1C}.Release|x64.ActiveCfg = Release|Any CPU
		{C80BD00B-5015-4CC9-B090-802260D37D1C}.Release|x64.Build.0 = Release|Any CPU
		{C80BD00B-5015-4CC9-B090-802260D37D1C}.Release|x86.ActiveCfg = Release|Any CPU
		{C80BD00B-5015-4CC9-B090-802260D37D1C}.Release|x86.Build.0 = Release|Any CPU
		{53FE68FA-077C-45B8-82D1-C4E330FAAE92}.Debug|Any CPU.ActiveCfg = Debug|Any CPU
		{53FE68FA-077C-45B8-82D1-C4E330FAAE92}.Debug|Any CPU.Build.0 = Debug|Any CPU
		{53FE68FA-077C-45B8-82D1-C4E330FAAE92}.Debug|ARM.ActiveCfg = Debug|Any CPU
		{53FE68FA-077C-45B8-82D1-C4E330FAAE92}.Debug|ARM.Build.0 = Debug|Any CPU
		{53FE68FA-077C-45B8-82D1-C4E330FAAE92}.Debug|x64.ActiveCfg = Debug|Any CPU
		{53FE68FA-077C-45B8-82D1-C4E330FAAE92}.Debug|x64.Build.0 = Debug|Any CPU
		{53FE68FA-077C-45B8-82D1-C4E330FAAE92}.Debug|x86.ActiveCfg = Debug|Any CPU
		{53FE68FA-077C-45B8-82D1-C4E330FAAE92}.Debug|x86.Build.0 = Debug|Any CPU
		{53FE68FA-077C-45B8-82D1-C4E330FAAE92}.Release|Any CPU.ActiveCfg = Release|Any CPU
		{53FE68FA-077C-45B8-82D1-C4E330FAAE92}.Release|Any CPU.Build.0 = Release|Any CPU
		{53FE68FA-077C-45B8-82D1-C4E330FAAE92}.Release|ARM.ActiveCfg = Release|Any CPU
		{53FE68FA-077C-45B8-82D1-C4E330FAAE92}.Release|ARM.Build.0 = Release|Any CPU
		{53FE68FA-077C-45B8-82D1-C4E330FAAE92}.Release|x64.ActiveCfg = Release|Any CPU
		{53FE68FA-077C-45B8-82D1-C4E330FAAE92}.Release|x64.Build.0 = Release|Any CPU
		{53FE68FA-077C-45B8-82D1-C4E330FAAE92}.Release|x86.ActiveCfg = Release|Any CPU
		{53FE68FA-077C-45B8-82D1-C4E330FAAE92}.Release|x86.Build.0 = Release|Any CPU
		{2859A124-A77C-415E-8728-AF1EC243A543}.Debug|Any CPU.ActiveCfg = Debug|Any CPU
		{2859A124-A77C-415E-8728-AF1EC243A543}.Debug|Any CPU.Build.0 = Debug|Any CPU
		{2859A124-A77C-415E-8728-AF1EC243A543}.Debug|ARM.ActiveCfg = Debug|Any CPU
		{2859A124-A77C-415E-8728-AF1EC243A543}.Debug|ARM.Build.0 = Debug|Any CPU
		{2859A124-A77C-415E-8728-AF1EC243A543}.Debug|x64.ActiveCfg = Debug|Any CPU
		{2859A124-A77C-415E-8728-AF1EC243A543}.Debug|x64.Build.0 = Debug|Any CPU
		{2859A124-A77C-415E-8728-AF1EC243A543}.Debug|x86.ActiveCfg = Debug|Any CPU
		{2859A124-A77C-415E-8728-AF1EC243A543}.Debug|x86.Build.0 = Debug|Any CPU
		{2859A124-A77C-415E-8728-AF1EC243A543}.Release|Any CPU.ActiveCfg = Release|Any CPU
		{2859A124-A77C-415E-8728-AF1EC243A543}.Release|Any CPU.Build.0 = Release|Any CPU
		{2859A124-A77C-415E-8728-AF1EC243A543}.Release|ARM.ActiveCfg = Release|Any CPU
		{2859A124-A77C-415E-8728-AF1EC243A543}.Release|ARM.Build.0 = Release|Any CPU
		{2859A124-A77C-415E-8728-AF1EC243A543}.Release|x64.ActiveCfg = Release|Any CPU
		{2859A124-A77C-415E-8728-AF1EC243A543}.Release|x64.Build.0 = Release|Any CPU
		{2859A124-A77C-415E-8728-AF1EC243A543}.Release|x86.ActiveCfg = Release|Any CPU
		{2859A124-A77C-415E-8728-AF1EC243A543}.Release|x86.Build.0 = Release|Any CPU
		{282271E1-B4E2-4BD5-AA75-D61CA2BAEC21}.Debug|Any CPU.ActiveCfg = Debug|Any CPU
		{282271E1-B4E2-4BD5-AA75-D61CA2BAEC21}.Debug|Any CPU.Build.0 = Debug|Any CPU
		{282271E1-B4E2-4BD5-AA75-D61CA2BAEC21}.Debug|ARM.ActiveCfg = Debug|Any CPU
		{282271E1-B4E2-4BD5-AA75-D61CA2BAEC21}.Debug|ARM.Build.0 = Debug|Any CPU
		{282271E1-B4E2-4BD5-AA75-D61CA2BAEC21}.Debug|x64.ActiveCfg = Debug|Any CPU
		{282271E1-B4E2-4BD5-AA75-D61CA2BAEC21}.Debug|x64.Build.0 = Debug|Any CPU
		{282271E1-B4E2-4BD5-AA75-D61CA2BAEC21}.Debug|x86.ActiveCfg = Debug|Any CPU
		{282271E1-B4E2-4BD5-AA75-D61CA2BAEC21}.Debug|x86.Build.0 = Debug|Any CPU
		{282271E1-B4E2-4BD5-AA75-D61CA2BAEC21}.Release|Any CPU.ActiveCfg = Release|Any CPU
		{282271E1-B4E2-4BD5-AA75-D61CA2BAEC21}.Release|Any CPU.Build.0 = Release|Any CPU
		{282271E1-B4E2-4BD5-AA75-D61CA2BAEC21}.Release|ARM.ActiveCfg = Release|Any CPU
		{282271E1-B4E2-4BD5-AA75-D61CA2BAEC21}.Release|ARM.Build.0 = Release|Any CPU
		{282271E1-B4E2-4BD5-AA75-D61CA2BAEC21}.Release|x64.ActiveCfg = Release|Any CPU
		{282271E1-B4E2-4BD5-AA75-D61CA2BAEC21}.Release|x64.Build.0 = Release|Any CPU
		{282271E1-B4E2-4BD5-AA75-D61CA2BAEC21}.Release|x86.ActiveCfg = Release|Any CPU
		{282271E1-B4E2-4BD5-AA75-D61CA2BAEC21}.Release|x86.Build.0 = Release|Any CPU
		{70D2DDD8-4815-4AAC-A211-A8937929101B}.Debug|Any CPU.ActiveCfg = Debug|Any CPU
		{70D2DDD8-4815-4AAC-A211-A8937929101B}.Debug|Any CPU.Build.0 = Debug|Any CPU
		{70D2DDD8-4815-4AAC-A211-A8937929101B}.Debug|ARM.ActiveCfg = Debug|Any CPU
		{70D2DDD8-4815-4AAC-A211-A8937929101B}.Debug|ARM.Build.0 = Debug|Any CPU
		{70D2DDD8-4815-4AAC-A211-A8937929101B}.Debug|x64.ActiveCfg = Debug|Any CPU
		{70D2DDD8-4815-4AAC-A211-A8937929101B}.Debug|x64.Build.0 = Debug|Any CPU
		{70D2DDD8-4815-4AAC-A211-A8937929101B}.Debug|x86.ActiveCfg = Debug|Any CPU
		{70D2DDD8-4815-4AAC-A211-A8937929101B}.Debug|x86.Build.0 = Debug|Any CPU
		{70D2DDD8-4815-4AAC-A211-A8937929101B}.Release|Any CPU.ActiveCfg = Release|Any CPU
		{70D2DDD8-4815-4AAC-A211-A8937929101B}.Release|Any CPU.Build.0 = Release|Any CPU
		{70D2DDD8-4815-4AAC-A211-A8937929101B}.Release|ARM.ActiveCfg = Release|Any CPU
		{70D2DDD8-4815-4AAC-A211-A8937929101B}.Release|ARM.Build.0 = Release|Any CPU
		{70D2DDD8-4815-4AAC-A211-A8937929101B}.Release|x64.ActiveCfg = Release|Any CPU
		{70D2DDD8-4815-4AAC-A211-A8937929101B}.Release|x64.Build.0 = Release|Any CPU
		{70D2DDD8-4815-4AAC-A211-A8937929101B}.Release|x86.ActiveCfg = Release|Any CPU
		{70D2DDD8-4815-4AAC-A211-A8937929101B}.Release|x86.Build.0 = Release|Any CPU
		{65D85C37-9528-437B-9F79-61D55BC983CA}.Debug|Any CPU.ActiveCfg = Debug|Any CPU
		{65D85C37-9528-437B-9F79-61D55BC983CA}.Debug|Any CPU.Build.0 = Debug|Any CPU
		{65D85C37-9528-437B-9F79-61D55BC983CA}.Debug|ARM.ActiveCfg = Debug|Any CPU
		{65D85C37-9528-437B-9F79-61D55BC983CA}.Debug|ARM.Build.0 = Debug|Any CPU
		{65D85C37-9528-437B-9F79-61D55BC983CA}.Debug|x64.ActiveCfg = Debug|Any CPU
		{65D85C37-9528-437B-9F79-61D55BC983CA}.Debug|x64.Build.0 = Debug|Any CPU
		{65D85C37-9528-437B-9F79-61D55BC983CA}.Debug|x86.ActiveCfg = Debug|Any CPU
		{65D85C37-9528-437B-9F79-61D55BC983CA}.Debug|x86.Build.0 = Debug|Any CPU
		{65D85C37-9528-437B-9F79-61D55BC983CA}.Release|Any CPU.ActiveCfg = Release|Any CPU
		{65D85C37-9528-437B-9F79-61D55BC983CA}.Release|Any CPU.Build.0 = Release|Any CPU
		{65D85C37-9528-437B-9F79-61D55BC983CA}.Release|ARM.ActiveCfg = Release|Any CPU
		{65D85C37-9528-437B-9F79-61D55BC983CA}.Release|ARM.Build.0 = Release|Any CPU
		{65D85C37-9528-437B-9F79-61D55BC983CA}.Release|x64.ActiveCfg = Release|Any CPU
		{65D85C37-9528-437B-9F79-61D55BC983CA}.Release|x64.Build.0 = Release|Any CPU
		{65D85C37-9528-437B-9F79-61D55BC983CA}.Release|x86.ActiveCfg = Release|Any CPU
		{65D85C37-9528-437B-9F79-61D55BC983CA}.Release|x86.Build.0 = Release|Any CPU
	EndGlobalSection
	GlobalSection(SolutionProperties) = preSolution
		HideSolutionNode = FALSE
	EndGlobalSection
EndGlobal
